
Microsoft Visual Studio Solution File, Format Version 12.00
# Visual Studio Version 17
VisualStudioVersion = 17.8.34322.80
MinimumVisualStudioVersion = 10.0.40219.1
Project("{2150E333-8FDC-42A3-9474-1A3956D46DE8}") = "SM.Domain", "SM.Domain", "{86684E44-BF13-404E-8201-A9F12274C535}"
EndProject
Project("{9A19103F-16F7-4668-BE54-9A1E7A4F7556}") = "ShopManagement.Domain", "ShopManagement.Domain\ShopManagement.Domain.csproj", "{85E0F609-A5CE-4C1B-B598-ECA753BAB9A1}"
EndProject
Project("{9A19103F-16F7-4668-BE54-9A1E7A4F7556}") = "_0_Framework", "_0_Framework\_0_Framework.csproj", "{C485BBE9-9F40-48A7-A2FA-42AC708B7839}"
EndProject
Project("{2150E333-8FDC-42A3-9474-1A3956D46DE8}") = "SM.Application", "SM.Application", "{0A41E8CF-23DA-4196-8F40-20869C65AFB5}"
EndProject
Project("{9A19103F-16F7-4668-BE54-9A1E7A4F7556}") = "ShopManagement.Application.Contract", "ShopManagement.Application.Contract\ShopManagement.Application.Contract.csproj", "{DA17170F-F1F9-4865-BA21-40C73A1E4946}"
EndProject
Project("{9A19103F-16F7-4668-BE54-9A1E7A4F7556}") = "ShopManagement.Application", "ShopManagement.Application\ShopManagement.Application.csproj", "{616F4978-B365-4A9A-9A4E-CB9774D2A6E5}"
EndProject
Project("{2150E333-8FDC-42A3-9474-1A3956D46DE8}") = "SM.Infrastructure", "SM.Infrastructure", "{E9DC1A03-24ED-49E8-8830-9482102CE3F2}"
EndProject
Project("{9A19103F-16F7-4668-BE54-9A1E7A4F7556}") = "ShopManagement.Infrastructure", "ShopManagement.Infrastructure\ShopManagement.Infrastructure.csproj", "{773B9C5A-8AD8-4985-BD1A-6EEDAFB0ADAD}"
EndProject
Project("{9A19103F-16F7-4668-BE54-9A1E7A4F7556}") = "ShopManagement.Configuration", "ShopManagement.Configuration\ShopManagement.Configuration.csproj", "{83FAA053-AD25-43E3-9D36-4D9BC81DFA17}"
EndProject
Project("{2150E333-8FDC-42A3-9474-1A3956D46DE8}") = "ServiceHost", "ServiceHost", "{AC24478C-A33B-4CB9-92B2-2CCFF1D63AF4}"
EndProject
Project("{9A19103F-16F7-4668-BE54-9A1E7A4F7556}") = "ServiceHosts", "ServiceHosts\ServiceHosts.csproj", "{DAD656A6-EBE4-4EDE-96C3-2EB41350394C}"
EndProject
Project("{9A19103F-16F7-4668-BE54-9A1E7A4F7556}") = "_01_Query", "01_Query\_01_Query.csproj", "{9BC4E6C9-5018-4984-99AE-BBC0BA490821}"
EndProject
Project("{2150E333-8FDC-42A3-9474-1A3956D46DE8}") = "ShopManagement", "ShopManagement", "{213D1642-6E12-4501-8B7A-A4D56283270F}"
EndProject
Project("{2150E333-8FDC-42A3-9474-1A3956D46DE8}") = "DiscountManagement", "DiscountManagement", "{C948326A-BA13-4AD7-A561-64D70EDBC7BD}"
EndProject
Project("{2150E333-8FDC-42A3-9474-1A3956D46DE8}") = "DM.Domain", "DM.Domain", "{525B29AE-318B-4246-A7CF-0C0023E2A3F8}"
EndProject
Project("{9A19103F-16F7-4668-BE54-9A1E7A4F7556}") = "DiscountManagement.Domain", "DiscountManagement.Domain\DiscountManagement.Domain.csproj", "{22A28D58-A5F4-4DCF-99A7-D3BE91CFD950}"
EndProject
Project("{2150E333-8FDC-42A3-9474-1A3956D46DE8}") = "DM.Application", "DM.Application", "{77F99360-539E-4F2A-B913-F1AAF6245FCB}"
EndProject
Project("{9A19103F-16F7-4668-BE54-9A1E7A4F7556}") = "DiscountManagement.Application", "DiscountManagement.Application\DiscountManagement.Application.csproj", "{4181AEF1-2FA8-44E1-B923-C7CD0049F052}"
EndProject
Project("{9A19103F-16F7-4668-BE54-9A1E7A4F7556}") = "DiscountManagement.Application.Contract", "DiscountManagement.Application.Contract\DiscountManagement.Application.Contract.csproj", "{C3BB32DA-C976-4615-8A21-773FB47AD8D8}"
EndProject
Project("{2150E333-8FDC-42A3-9474-1A3956D46DE8}") = "DM.Infrastructure", "DM.Infrastructure", "{C86B1D95-5E31-4166-BFB7-A8CD6F8E7927}"
EndProject
Project("{9A19103F-16F7-4668-BE54-9A1E7A4F7556}") = "DiscountManagement.Infrastructure", "DiscountManagement.Infrastructure\DiscountManagement.Infrastructure.csproj", "{D335BC88-7A6F-4631-9485-7B65C0E8E06C}"
EndProject
Project("{9A19103F-16F7-4668-BE54-9A1E7A4F7556}") = "DiscountManagementConfiguration", "DiscountManagementConfiguration\DiscountManagementConfiguration.csproj", "{44F55879-9C51-4877-815C-D128697EE45F}"
EndProject
Project("{2150E333-8FDC-42A3-9474-1A3956D46DE8}") = "InventoryManagement", "InventoryManagement", "{FCB736AC-CCFF-4B41-96C6-373B1E0CCB6D}"
EndProject
Project("{2150E333-8FDC-42A3-9474-1A3956D46DE8}") = "IM.Domain", "IM.Domain", "{25E717A6-2710-4849-92AA-1BE705DCEE60}"
EndProject
Project("{9A19103F-16F7-4668-BE54-9A1E7A4F7556}") = "InventoryManagement.Domain", "InventoryManagement.Domain\InventoryManagement.Domain.csproj", "{C20692FF-3B15-4045-A3AA-6358CB996415}"
EndProject
Project("{2150E333-8FDC-42A3-9474-1A3956D46DE8}") = "IM.Application", "IM.Application", "{7324AE7D-2F85-47E1-AFA6-83137B9216BA}"
EndProject
Project("{9A19103F-16F7-4668-BE54-9A1E7A4F7556}") = "InventoryManagement.Application.Contract", "InventoryManagement.Application.Contract\InventoryManagement.Application.Contract.csproj", "{13387A29-943E-4AAB-9FE6-B7F06B44D055}"
EndProject
Project("{9A19103F-16F7-4668-BE54-9A1E7A4F7556}") = "InventoryManagement.Application", "InventoryManagement.Application\InventoryManagement.Application.csproj", "{9205E67D-BA08-426E-B4C3-AF718B8AEA5B}"
EndProject
Project("{2150E333-8FDC-42A3-9474-1A3956D46DE8}") = "IM.Infrastructure", "IM.Infrastructure", "{C84F0E8F-C95B-414B-994B-2FB3946E6DAC}"
EndProject
Project("{9A19103F-16F7-4668-BE54-9A1E7A4F7556}") = "InventoryManagement.Infrastructure", "InventoryManagement.Infrastructure\InventoryManagement.Infrastructure.csproj", "{C20ABD6E-1715-4ACF-98D7-01D733E4CC0D}"
EndProject
Project("{FAE04EC0-301F-11D3-BF4B-00C04F79EFBC}") = "InventoryManagement.Infrastructure.Configuration", "InventoryManagement.Infrastructure.Configuration\InventoryManagement.Infrastructure.Configuration.csproj", "{9F7F433C-B496-45B7-B7E5-7E0531147146}"
EndProject
Global
	GlobalSection(SolutionConfigurationPlatforms) = preSolution
		Debug|Any CPU = Debug|Any CPU
		Release|Any CPU = Release|Any CPU
	EndGlobalSection
	GlobalSection(ProjectConfigurationPlatforms) = postSolution
		{85E0F609-A5CE-4C1B-B598-ECA753BAB9A1}.Debug|Any CPU.ActiveCfg = Debug|Any CPU
		{85E0F609-A5CE-4C1B-B598-ECA753BAB9A1}.Debug|Any CPU.Build.0 = Debug|Any CPU
		{85E0F609-A5CE-4C1B-B598-ECA753BAB9A1}.Release|Any CPU.ActiveCfg = Release|Any CPU
		{85E0F609-A5CE-4C1B-B598-ECA753BAB9A1}.Release|Any CPU.Build.0 = Release|Any CPU
		{C485BBE9-9F40-48A7-A2FA-42AC708B7839}.Debug|Any CPU.ActiveCfg = Debug|Any CPU
		{C485BBE9-9F40-48A7-A2FA-42AC708B7839}.Debug|Any CPU.Build.0 = Debug|Any CPU
		{C485BBE9-9F40-48A7-A2FA-42AC708B7839}.Release|Any CPU.ActiveCfg = Release|Any CPU
		{C485BBE9-9F40-48A7-A2FA-42AC708B7839}.Release|Any CPU.Build.0 = Release|Any CPU
		{DA17170F-F1F9-4865-BA21-40C73A1E4946}.Debug|Any CPU.ActiveCfg = Debug|Any CPU
		{DA17170F-F1F9-4865-BA21-40C73A1E4946}.Debug|Any CPU.Build.0 = Debug|Any CPU
		{DA17170F-F1F9-4865-BA21-40C73A1E4946}.Release|Any CPU.ActiveCfg = Release|Any CPU
		{DA17170F-F1F9-4865-BA21-40C73A1E4946}.Release|Any CPU.Build.0 = Release|Any CPU
		{616F4978-B365-4A9A-9A4E-CB9774D2A6E5}.Debug|Any CPU.ActiveCfg = Debug|Any CPU
		{616F4978-B365-4A9A-9A4E-CB9774D2A6E5}.Debug|Any CPU.Build.0 = Debug|Any CPU
		{616F4978-B365-4A9A-9A4E-CB9774D2A6E5}.Release|Any CPU.ActiveCfg = Release|Any CPU
		{616F4978-B365-4A9A-9A4E-CB9774D2A6E5}.Release|Any CPU.Build.0 = Release|Any CPU
		{773B9C5A-8AD8-4985-BD1A-6EEDAFB0ADAD}.Debug|Any CPU.ActiveCfg = Debug|Any CPU
		{773B9C5A-8AD8-4985-BD1A-6EEDAFB0ADAD}.Debug|Any CPU.Build.0 = Debug|Any CPU
		{773B9C5A-8AD8-4985-BD1A-6EEDAFB0ADAD}.Release|Any CPU.ActiveCfg = Release|Any CPU
		{773B9C5A-8AD8-4985-BD1A-6EEDAFB0ADAD}.Release|Any CPU.Build.0 = Release|Any CPU
		{83FAA053-AD25-43E3-9D36-4D9BC81DFA17}.Debug|Any CPU.ActiveCfg = Debug|Any CPU
		{83FAA053-AD25-43E3-9D36-4D9BC81DFA17}.Debug|Any CPU.Build.0 = Debug|Any CPU
		{83FAA053-AD25-43E3-9D36-4D9BC81DFA17}.Release|Any CPU.ActiveCfg = Release|Any CPU
		{83FAA053-AD25-43E3-9D36-4D9BC81DFA17}.Release|Any CPU.Build.0 = Release|Any CPU
		{DAD656A6-EBE4-4EDE-96C3-2EB41350394C}.Debug|Any CPU.ActiveCfg = Debug|Any CPU
		{DAD656A6-EBE4-4EDE-96C3-2EB41350394C}.Debug|Any CPU.Build.0 = Debug|Any CPU
		{DAD656A6-EBE4-4EDE-96C3-2EB41350394C}.Release|Any CPU.ActiveCfg = Release|Any CPU
		{DAD656A6-EBE4-4EDE-96C3-2EB41350394C}.Release|Any CPU.Build.0 = Release|Any CPU
		{9BC4E6C9-5018-4984-99AE-BBC0BA490821}.Debug|Any CPU.ActiveCfg = Debug|Any CPU
		{9BC4E6C9-5018-4984-99AE-BBC0BA490821}.Debug|Any CPU.Build.0 = Debug|Any CPU
		{9BC4E6C9-5018-4984-99AE-BBC0BA490821}.Release|Any CPU.ActiveCfg = Release|Any CPU
		{9BC4E6C9-5018-4984-99AE-BBC0BA490821}.Release|Any CPU.Build.0 = Release|Any CPU
		{22A28D58-A5F4-4DCF-99A7-D3BE91CFD950}.Debug|Any CPU.ActiveCfg = Debug|Any CPU
		{22A28D58-A5F4-4DCF-99A7-D3BE91CFD950}.Debug|Any CPU.Build.0 = Debug|Any CPU
		{22A28D58-A5F4-4DCF-99A7-D3BE91CFD950}.Release|Any CPU.ActiveCfg = Release|Any CPU
		{22A28D58-A5F4-4DCF-99A7-D3BE91CFD950}.Release|Any CPU.Build.0 = Release|Any CPU
		{4181AEF1-2FA8-44E1-B923-C7CD0049F052}.Debug|Any CPU.ActiveCfg = Debug|Any CPU
		{4181AEF1-2FA8-44E1-B923-C7CD0049F052}.Debug|Any CPU.Build.0 = Debug|Any CPU
		{4181AEF1-2FA8-44E1-B923-C7CD0049F052}.Release|Any CPU.ActiveCfg = Release|Any CPU
		{4181AEF1-2FA8-44E1-B923-C7CD0049F052}.Release|Any CPU.Build.0 = Release|Any CPU
		{C3BB32DA-C976-4615-8A21-773FB47AD8D8}.Debug|Any CPU.ActiveCfg = Debug|Any CPU
		{C3BB32DA-C976-4615-8A21-773FB47AD8D8}.Debug|Any CPU.Build.0 = Debug|Any CPU
		{C3BB32DA-C976-4615-8A21-773FB47AD8D8}.Release|Any CPU.ActiveCfg = Release|Any CPU
		{C3BB32DA-C976-4615-8A21-773FB47AD8D8}.Release|Any CPU.Build.0 = Release|Any CPU
		{D335BC88-7A6F-4631-9485-7B65C0E8E06C}.Debug|Any CPU.ActiveCfg = Debug|Any CPU
		{D335BC88-7A6F-4631-9485-7B65C0E8E06C}.Debug|Any CPU.Build.0 = Debug|Any CPU
		{D335BC88-7A6F-4631-9485-7B65C0E8E06C}.Release|Any CPU.ActiveCfg = Release|Any CPU
		{D335BC88-7A6F-4631-9485-7B65C0E8E06C}.Release|Any CPU.Build.0 = Release|Any CPU
		{44F55879-9C51-4877-815C-D128697EE45F}.Debug|Any CPU.ActiveCfg = Debug|Any CPU
		{44F55879-9C51-4877-815C-D128697EE45F}.Debug|Any CPU.Build.0 = Debug|Any CPU
		{44F55879-9C51-4877-815C-D128697EE45F}.Release|Any CPU.ActiveCfg = Release|Any CPU
		{44F55879-9C51-4877-815C-D128697EE45F}.Release|Any CPU.Build.0 = Release|Any CPU
		{C20692FF-3B15-4045-A3AA-6358CB996415}.Debug|Any CPU.ActiveCfg = Debug|Any CPU
		{C20692FF-3B15-4045-A3AA-6358CB996415}.Debug|Any CPU.Build.0 = Debug|Any CPU
		{C20692FF-3B15-4045-A3AA-6358CB996415}.Release|Any CPU.ActiveCfg = Release|Any CPU
		{C20692FF-3B15-4045-A3AA-6358CB996415}.Release|Any CPU.Build.0 = Release|Any CPU
		{13387A29-943E-4AAB-9FE6-B7F06B44D055}.Debug|Any CPU.ActiveCfg = Debug|Any CPU
		{13387A29-943E-4AAB-9FE6-B7F06B44D055}.Debug|Any CPU.Build.0 = Debug|Any CPU
		{13387A29-943E-4AAB-9FE6-B7F06B44D055}.Release|Any CPU.ActiveCfg = Release|Any CPU
		{13387A29-943E-4AAB-9FE6-B7F06B44D055}.Release|Any CPU.Build.0 = Release|Any CPU
		{9205E67D-BA08-426E-B4C3-AF718B8AEA5B}.Debug|Any CPU.ActiveCfg = Debug|Any CPU
		{9205E67D-BA08-426E-B4C3-AF718B8AEA5B}.Debug|Any CPU.Build.0 = Debug|Any CPU
		{9205E67D-BA08-426E-B4C3-AF718B8AEA5B}.Release|Any CPU.ActiveCfg = Release|Any CPU
		{9205E67D-BA08-426E-B4C3-AF718B8AEA5B}.Release|Any CPU.Build.0 = Release|Any CPU
		{C20ABD6E-1715-4ACF-98D7-01D733E4CC0D}.Debug|Any CPU.ActiveCfg = Debug|Any CPU
		{C20ABD6E-1715-4ACF-98D7-01D733E4CC0D}.Debug|Any CPU.Build.0 = Debug|Any CPU
		{C20ABD6E-1715-4ACF-98D7-01D733E4CC0D}.Release|Any CPU.ActiveCfg = Release|Any CPU
		{C20ABD6E-1715-4ACF-98D7-01D733E4CC0D}.Release|Any CPU.Build.0 = Release|Any CPU
		{9F7F433C-B496-45B7-B7E5-7E0531147146}.Debug|Any CPU.ActiveCfg = Debug|Any CPU
		{9F7F433C-B496-45B7-B7E5-7E0531147146}.Debug|Any CPU.Build.0 = Debug|Any CPU
		{9F7F433C-B496-45B7-B7E5-7E0531147146}.Release|Any CPU.ActiveCfg = Release|Any CPU
		{9F7F433C-B496-45B7-B7E5-7E0531147146}.Release|Any CPU.Build.0 = Release|Any CPU
	EndGlobalSection
	GlobalSection(SolutionProperties) = preSolution
		HideSolutionNode = FALSE
	EndGlobalSection
	GlobalSection(NestedProjects) = preSolution
		{86684E44-BF13-404E-8201-A9F12274C535} = {213D1642-6E12-4501-8B7A-A4D56283270F}
		{85E0F609-A5CE-4C1B-B598-ECA753BAB9A1} = {86684E44-BF13-404E-8201-A9F12274C535}
		{0A41E8CF-23DA-4196-8F40-20869C65AFB5} = {213D1642-6E12-4501-8B7A-A4D56283270F}
		{DA17170F-F1F9-4865-BA21-40C73A1E4946} = {0A41E8CF-23DA-4196-8F40-20869C65AFB5}
		{616F4978-B365-4A9A-9A4E-CB9774D2A6E5} = {0A41E8CF-23DA-4196-8F40-20869C65AFB5}
		{E9DC1A03-24ED-49E8-8830-9482102CE3F2} = {213D1642-6E12-4501-8B7A-A4D56283270F}
		{773B9C5A-8AD8-4985-BD1A-6EEDAFB0ADAD} = {E9DC1A03-24ED-49E8-8830-9482102CE3F2}
		{83FAA053-AD25-43E3-9D36-4D9BC81DFA17} = {E9DC1A03-24ED-49E8-8830-9482102CE3F2}
		{DAD656A6-EBE4-4EDE-96C3-2EB41350394C} = {AC24478C-A33B-4CB9-92B2-2CCFF1D63AF4}
		{525B29AE-318B-4246-A7CF-0C0023E2A3F8} = {C948326A-BA13-4AD7-A561-64D70EDBC7BD}
		{22A28D58-A5F4-4DCF-99A7-D3BE91CFD950} = {525B29AE-318B-4246-A7CF-0C0023E2A3F8}
		{77F99360-539E-4F2A-B913-F1AAF6245FCB} = {C948326A-BA13-4AD7-A561-64D70EDBC7BD}
		{4181AEF1-2FA8-44E1-B923-C7CD0049F052} = {77F99360-539E-4F2A-B913-F1AAF6245FCB}
		{C3BB32DA-C976-4615-8A21-773FB47AD8D8} = {77F99360-539E-4F2A-B913-F1AAF6245FCB}
		{C86B1D95-5E31-4166-BFB7-A8CD6F8E7927} = {C948326A-BA13-4AD7-A561-64D70EDBC7BD}
		{D335BC88-7A6F-4631-9485-7B65C0E8E06C} = {C86B1D95-5E31-4166-BFB7-A8CD6F8E7927}
		{44F55879-9C51-4877-815C-D128697EE45F} = {C86B1D95-5E31-4166-BFB7-A8CD6F8E7927}
		{25E717A6-2710-4849-92AA-1BE705DCEE60} = {FCB736AC-CCFF-4B41-96C6-373B1E0CCB6D}
		{C20692FF-3B15-4045-A3AA-6358CB996415} = {25E717A6-2710-4849-92AA-1BE705DCEE60}
		{7324AE7D-2F85-47E1-AFA6-83137B9216BA} = {FCB736AC-CCFF-4B41-96C6-373B1E0CCB6D}
		{13387A29-943E-4AAB-9FE6-B7F06B44D055} = {7324AE7D-2F85-47E1-AFA6-83137B9216BA}
		{9205E67D-BA08-426E-B4C3-AF718B8AEA5B} = {7324AE7D-2F85-47E1-AFA6-83137B9216BA}
		{C84F0E8F-C95B-414B-994B-2FB3946E6DAC} = {FCB736AC-CCFF-4B41-96C6-373B1E0CCB6D}
		{C20ABD6E-1715-4ACF-98D7-01D733E4CC0D} = {C84F0E8F-C95B-414B-994B-2FB3946E6DAC}
		{9F7F433C-B496-45B7-B7E5-7E0531147146} = {C84F0E8F-C95B-414B-994B-2FB3946E6DAC}
	EndGlobalSection
	GlobalSection(ExtensibilityGlobals) = postSolution
		SolutionGuid = {1873F133-2FB6-4580-8DA7-5C237D96F6FF}
	EndGlobalSection
EndGlobal
